
Microsoft Visual Studio Solution File, Format Version 12.00
# Visual Studio 15
VisualStudioVersion = 15.0.27703.2042
MinimumVisualStudioVersion = 10.0.40219.1
Project("{FAE04EC0-301F-11D3-BF4B-00C04F79EFBC}") = "Text Based Adventure", "Text Based Adventure\Text Based Adventure.csproj", "{04AA8710-18DD-4784-8FFC-6F184ECCB1DE}"
EndProject
Global
	GlobalSection(SolutionConfigurationPlatforms) = preSolution
		Debug|Any CPU = Debug|Any CPU
		Release|Any CPU = Release|Any CPU
	EndGlobalSection
	GlobalSection(ProjectConfigurationPlatforms) = postSolution
		{04AA8710-18DD-4784-8FFC-6F184ECCB1DE}.Debug|Any CPU.ActiveCfg = Debug|Any CPU
		{04AA8710-18DD-4784-8FFC-6F184ECCB1DE}.Debug|Any CPU.Build.0 = Debug|Any CPU
		{04AA8710-18DD-4784-8FFC-6F184ECCB1DE}.Release|Any CPU.ActiveCfg = Release|Any CPU
		{04AA8710-18DD-4784-8FFC-6F184ECCB1DE}.Release|Any CPU.Build.0 = Release|Any CPU
	EndGlobalSection
	GlobalSection(SolutionProperties) = preSolution
		HideSolutionNode = FALSE
	EndGlobalSection
	GlobalSection(ExtensibilityGlobals) = postSolution
		SolutionGuid = {A19B2275-FB95-430B-990C-11E9F772412A}
	EndGlobalSection
EndGlobal
